
Microsoft Visual Studio Solution File, Format Version 12.00
# Visual Studio Version 17
VisualStudioVersion = 17.5.33516.290
MinimumVisualStudioVersion = 10.0.40219.1
Project("{9A19103F-16F7-4668-BE54-9A1E7A4F7556}") = "TestWeb", "TestWeb\TestWeb.csproj", "{153EAE0E-1103-4CB6-93DA-D6E88AA3E893}"
EndProject
Project("{2150E333-8FDC-42A3-9474-1A3956D46DE8}") = "DevExtreme NuGet.config", "DevExtreme NuGet.config", "{D1C9282A-2D20-4A19-8290-6676DF2CBA08}"
	ProjectSection(SolutionItems) = preProject
		NuGet.config = NuGet.config
	EndProjectSection
EndProject
Global
	GlobalSection(SolutionConfigurationPlatforms) = preSolution
		Debug|Any CPU = Debug|Any CPU
		Release|Any CPU = Release|Any CPU
	EndGlobalSection
	GlobalSection(ProjectConfigurationPlatforms) = postSolution
		{153EAE0E-1103-4CB6-93DA-D6E88AA3E893}.Debug|Any CPU.ActiveCfg = Debug|Any CPU
		{153EAE0E-1103-4CB6-93DA-D6E88AA3E893}.Debug|Any CPU.Build.0 = Debug|Any CPU
		{153EAE0E-1103-4CB6-93DA-D6E88AA3E893}.Release|Any CPU.ActiveCfg = Release|Any CPU
		{153EAE0E-1103-4CB6-93DA-D6E88AA3E893}.Release|Any CPU.Build.0 = Release|Any CPU
	EndGlobalSection
	GlobalSection(SolutionProperties) = preSolution
		HideSolutionNode = FALSE
	EndGlobalSection
	GlobalSection(ExtensibilityGlobals) = postSolution
		SolutionGuid = {CD000BE6-CBF5-43AD-8FEA-7C9ABCBB5B2A}
	EndGlobalSection
EndGlobal
