
Microsoft Visual Studio Solution File, Format Version 12.00
# Visual Studio Version 17
VisualStudioVersion = 17.5.33516.290
MinimumVisualStudioVersion = 10.0.40219.1
Project("{FAE04EC0-301F-11D3-BF4B-00C04F79EFBC}") = "ChattingApp", "ChattingApp\ChattingApp.csproj", "{7ABD1067-04CF-4160-94FF-621DA92876D8}"
EndProject
Global
	GlobalSection(SolutionConfigurationPlatforms) = preSolution
		Debug|Any CPU = Debug|Any CPU
		Release|Any CPU = Release|Any CPU
	EndGlobalSection
	GlobalSection(ProjectConfigurationPlatforms) = postSolution
		{7ABD1067-04CF-4160-94FF-621DA92876D8}.Debug|Any CPU.ActiveCfg = Debug|Any CPU
		{7ABD1067-04CF-4160-94FF-621DA92876D8}.Debug|Any CPU.Build.0 = Debug|Any CPU
		{7ABD1067-04CF-4160-94FF-621DA92876D8}.Release|Any CPU.ActiveCfg = Release|Any CPU
		{7ABD1067-04CF-4160-94FF-621DA92876D8}.Release|Any CPU.Build.0 = Release|Any CPU
	EndGlobalSection
	GlobalSection(SolutionProperties) = preSolution
		HideSolutionNode = FALSE
	EndGlobalSection
	GlobalSection(ExtensibilityGlobals) = postSolution
		SolutionGuid = {034ACE5A-2131-4785-A408-3458BAEDFEBF}
	EndGlobalSection
EndGlobal
