
Microsoft Visual Studio Solution File, Format Version 12.00
# Visual Studio Version 17
VisualStudioVersion = 17.5.33516.290
MinimumVisualStudioVersion = 10.0.40219.1
Project("{FAE04EC0-301F-11D3-BF4B-00C04F79EFBC}") = "ChattingApp_Server", "ChattingApp_Server\ChattingApp_Server.csproj", "{0E7E92D2-7408-433A-BE3A-9C75ED7182CE}"
EndProject
Global
	GlobalSection(SolutionConfigurationPlatforms) = preSolution
		Debug|Any CPU = Debug|Any CPU
		Release|Any CPU = Release|Any CPU
	EndGlobalSection
	GlobalSection(ProjectConfigurationPlatforms) = postSolution
		{0E7E92D2-7408-433A-BE3A-9C75ED7182CE}.Debug|Any CPU.ActiveCfg = Debug|Any CPU
		{0E7E92D2-7408-433A-BE3A-9C75ED7182CE}.Debug|Any CPU.Build.0 = Debug|Any CPU
		{0E7E92D2-7408-433A-BE3A-9C75ED7182CE}.Release|Any CPU.ActiveCfg = Release|Any CPU
		{0E7E92D2-7408-433A-BE3A-9C75ED7182CE}.Release|Any CPU.Build.0 = Release|Any CPU
	EndGlobalSection
	GlobalSection(SolutionProperties) = preSolution
		HideSolutionNode = FALSE
	EndGlobalSection
	GlobalSection(ExtensibilityGlobals) = postSolution
		SolutionGuid = {44BDD33B-AA89-472A-92CA-47A28A330CA4}
	EndGlobalSection
EndGlobal
